
Microsoft Visual Studio Solution File, Format Version 12.00
# Visual Studio Version 16
VisualStudioVersion = 16.0.30611.23
MinimumVisualStudioVersion = 10.0.40219.1
Project("{9A19103F-16F7-4668-BE54-9A1E7A4F7556}") = "Varga_Bogdan_Proiect", "Varga_Bogdan_Proiect.csproj", "{2447D6E3-F8D7-41F2-8BFE-374266C5EED5}"
EndProject
Project("{FAE04EC0-301F-11D3-BF4B-00C04F79EFBC}") = "ShopModel", "..\ShopModel\ShopModel.csproj", "{EE637BBD-7D40-4440-B32C-9BED45379903}"
EndProject
Project("{FAE04EC0-301F-11D3-BF4B-00C04F79EFBC}") = "ShopWebAPI", "..\ShopWebAPI\ShopWebAPI.csproj", "{73B464A9-9CD1-4D93-ABE9-589530FD696F}"
EndProject
Global
	GlobalSection(SolutionConfigurationPlatforms) = preSolution
		Debug|Any CPU = Debug|Any CPU
		Release|Any CPU = Release|Any CPU
	EndGlobalSection
	GlobalSection(ProjectConfigurationPlatforms) = postSolution
		{2447D6E3-F8D7-41F2-8BFE-374266C5EED5}.Debug|Any CPU.ActiveCfg = Debug|Any CPU
		{2447D6E3-F8D7-41F2-8BFE-374266C5EED5}.Debug|Any CPU.Build.0 = Debug|Any CPU
		{2447D6E3-F8D7-41F2-8BFE-374266C5EED5}.Release|Any CPU.ActiveCfg = Release|Any CPU
		{2447D6E3-F8D7-41F2-8BFE-374266C5EED5}.Release|Any CPU.Build.0 = Release|Any CPU
		{EE637BBD-7D40-4440-B32C-9BED45379903}.Debug|Any CPU.ActiveCfg = Debug|Any CPU
		{EE637BBD-7D40-4440-B32C-9BED45379903}.Debug|Any CPU.Build.0 = Debug|Any CPU
		{EE637BBD-7D40-4440-B32C-9BED45379903}.Release|Any CPU.ActiveCfg = Release|Any CPU
		{EE637BBD-7D40-4440-B32C-9BED45379903}.Release|Any CPU.Build.0 = Release|Any CPU
		{73B464A9-9CD1-4D93-ABE9-589530FD696F}.Debug|Any CPU.ActiveCfg = Debug|Any CPU
		{73B464A9-9CD1-4D93-ABE9-589530FD696F}.Debug|Any CPU.Build.0 = Debug|Any CPU
		{73B464A9-9CD1-4D93-ABE9-589530FD696F}.Release|Any CPU.ActiveCfg = Release|Any CPU
		{73B464A9-9CD1-4D93-ABE9-589530FD696F}.Release|Any CPU.Build.0 = Release|Any CPU
	EndGlobalSection
	GlobalSection(SolutionProperties) = preSolution
		HideSolutionNode = FALSE
	EndGlobalSection
	GlobalSection(ExtensibilityGlobals) = postSolution
		SolutionGuid = {6EF5E611-C6C3-4D76-9954-A7D08AC10C31}
	EndGlobalSection
EndGlobal
